
Microsoft Visual Studio Solution File, Format Version 12.00
# Visual Studio Version 17
VisualStudioVersion = 17.6.33829.357
MinimumVisualStudioVersion = 10.0.40219.1
Project("{9A19103F-16F7-4668-BE54-9A1E7A4F7556}") = "Skeleton", "Skeleton\Skeleton.csproj", "{6A908869-BC2F-446C-A5A9-9F7109EE3153}"
EndProject
Project("{9A19103F-16F7-4668-BE54-9A1E7A4F7556}") = "Skeleton.Abstraction", "Skeleton.Abstraction\Skeleton.Abstraction.csproj", "{9F3CFBCE-6036-4A97-AAA9-4D26B988CFF9}"
	ProjectSection(ProjectDependencies) = postProject
		{62074641-5693-4BB4-B108-B12CED65AD0A} = {62074641-5693-4BB4-B108-B12CED65AD0A}
	EndProjectSection
EndProject
Project("{9A19103F-16F7-4668-BE54-9A1E7A4F7556}") = "Skeleton.Entities", "Skeleton.Entities\Skeleton.Entities.csproj", "{0BB8115F-2940-4220-B3EE-AB5E10F1463B}"
EndProject
Project("{9A19103F-16F7-4668-BE54-9A1E7A4F7556}") = "Skeleton.Repository", "Skeleton.Repository\Skeleton.Repository.csproj", "{434955F7-ADCA-41EE-91C5-1B41F7FF994E}"
EndProject
Project("{9A19103F-16F7-4668-BE54-9A1E7A4F7556}") = "Skeleton.Service", "Skeleton.Service\Skeleton.Service.csproj", "{765591BC-CD04-45EF-A3D2-20A43B6A980C}"
EndProject
Project("{9A19103F-16F7-4668-BE54-9A1E7A4F7556}") = "Skeleton.Presentation", "Skeleton.Presentation\Skeleton.Presentation.csproj", "{0B0AF7F8-6757-45EA-98B7-13EEDDC98EC3}"
	ProjectSection(ProjectDependencies) = postProject
		{DFE6F287-1592-4BC8-A639-216F7E5AE5D6} = {DFE6F287-1592-4BC8-A639-216F7E5AE5D6}
	EndProjectSection
EndProject
Project("{9A19103F-16F7-4668-BE54-9A1E7A4F7556}") = "Skeleton.Shared", "Skeleton.Shared\Skeleton.Shared.csproj", "{62074641-5693-4BB4-B108-B12CED65AD0A}"
EndProject
Project("{9A19103F-16F7-4668-BE54-9A1E7A4F7556}") = "Skeleton.Test", "Skeleton.Test\Skeleton.Test.csproj", "{05FA4D03-309B-4705-A584-92CAFD34B999}"
	ProjectSection(ProjectDependencies) = postProject
		{0B0AF7F8-6757-45EA-98B7-13EEDDC98EC3} = {0B0AF7F8-6757-45EA-98B7-13EEDDC98EC3}
		{0BB8115F-2940-4220-B3EE-AB5E10F1463B} = {0BB8115F-2940-4220-B3EE-AB5E10F1463B}
		{434955F7-ADCA-41EE-91C5-1B41F7FF994E} = {434955F7-ADCA-41EE-91C5-1B41F7FF994E}
		{62074641-5693-4BB4-B108-B12CED65AD0A} = {62074641-5693-4BB4-B108-B12CED65AD0A}
		{6A908869-BC2F-446C-A5A9-9F7109EE3153} = {6A908869-BC2F-446C-A5A9-9F7109EE3153}
		{765591BC-CD04-45EF-A3D2-20A43B6A980C} = {765591BC-CD04-45EF-A3D2-20A43B6A980C}
		{9F3CFBCE-6036-4A97-AAA9-4D26B988CFF9} = {9F3CFBCE-6036-4A97-AAA9-4D26B988CFF9}
	EndProjectSection
EndProject
Project("{FAE04EC0-301F-11D3-BF4B-00C04F79EFBC}") = "Skeleton.CQRSCore", "Skeleton.CQRSCore\Skeleton.CQRSCore.csproj", "{DFE6F287-1592-4BC8-A639-216F7E5AE5D6}"
EndProject
Global
	GlobalSection(SolutionConfigurationPlatforms) = preSolution
		Debug|Any CPU = Debug|Any CPU
		Release|Any CPU = Release|Any CPU
	EndGlobalSection
	GlobalSection(ProjectConfigurationPlatforms) = postSolution
		{6A908869-BC2F-446C-A5A9-9F7109EE3153}.Debug|Any CPU.ActiveCfg = Debug|Any CPU
		{6A908869-BC2F-446C-A5A9-9F7109EE3153}.Debug|Any CPU.Build.0 = Debug|Any CPU
		{6A908869-BC2F-446C-A5A9-9F7109EE3153}.Release|Any CPU.ActiveCfg = Release|Any CPU
		{6A908869-BC2F-446C-A5A9-9F7109EE3153}.Release|Any CPU.Build.0 = Release|Any CPU
		{9F3CFBCE-6036-4A97-AAA9-4D26B988CFF9}.Debug|Any CPU.ActiveCfg = Debug|Any CPU
		{9F3CFBCE-6036-4A97-AAA9-4D26B988CFF9}.Debug|Any CPU.Build.0 = Debug|Any CPU
		{9F3CFBCE-6036-4A97-AAA9-4D26B988CFF9}.Release|Any CPU.ActiveCfg = Release|Any CPU
		{9F3CFBCE-6036-4A97-AAA9-4D26B988CFF9}.Release|Any CPU.Build.0 = Release|Any CPU
		{0BB8115F-2940-4220-B3EE-AB5E10F1463B}.Debug|Any CPU.ActiveCfg = Debug|Any CPU
		{0BB8115F-2940-4220-B3EE-AB5E10F1463B}.Debug|Any CPU.Build.0 = Debug|Any CPU
		{0BB8115F-2940-4220-B3EE-AB5E10F1463B}.Release|Any CPU.ActiveCfg = Release|Any CPU
		{0BB8115F-2940-4220-B3EE-AB5E10F1463B}.Release|Any CPU.Build.0 = Release|Any CPU
		{434955F7-ADCA-41EE-91C5-1B41F7FF994E}.Debug|Any CPU.ActiveCfg = Debug|Any CPU
		{434955F7-ADCA-41EE-91C5-1B41F7FF994E}.Debug|Any CPU.Build.0 = Debug|Any CPU
		{434955F7-ADCA-41EE-91C5-1B41F7FF994E}.Release|Any CPU.ActiveCfg = Release|Any CPU
		{434955F7-ADCA-41EE-91C5-1B41F7FF994E}.Release|Any CPU.Build.0 = Release|Any CPU
		{765591BC-CD04-45EF-A3D2-20A43B6A980C}.Debug|Any CPU.ActiveCfg = Debug|Any CPU
		{765591BC-CD04-45EF-A3D2-20A43B6A980C}.Debug|Any CPU.Build.0 = Debug|Any CPU
		{765591BC-CD04-45EF-A3D2-20A43B6A980C}.Release|Any CPU.ActiveCfg = Release|Any CPU
		{765591BC-CD04-45EF-A3D2-20A43B6A980C}.Release|Any CPU.Build.0 = Release|Any CPU
		{0B0AF7F8-6757-45EA-98B7-13EEDDC98EC3}.Debug|Any CPU.ActiveCfg = Debug|Any CPU
		{0B0AF7F8-6757-45EA-98B7-13EEDDC98EC3}.Debug|Any CPU.Build.0 = Debug|Any CPU
		{0B0AF7F8-6757-45EA-98B7-13EEDDC98EC3}.Release|Any CPU.ActiveCfg = Release|Any CPU
		{0B0AF7F8-6757-45EA-98B7-13EEDDC98EC3}.Release|Any CPU.Build.0 = Release|Any CPU
		{62074641-5693-4BB4-B108-B12CED65AD0A}.Debug|Any CPU.ActiveCfg = Debug|Any CPU
		{62074641-5693-4BB4-B108-B12CED65AD0A}.Debug|Any CPU.Build.0 = Debug|Any CPU
		{62074641-5693-4BB4-B108-B12CED65AD0A}.Release|Any CPU.ActiveCfg = Release|Any CPU
		{62074641-5693-4BB4-B108-B12CED65AD0A}.Release|Any CPU.Build.0 = Release|Any CPU
		{05FA4D03-309B-4705-A584-92CAFD34B999}.Debug|Any CPU.ActiveCfg = Debug|Any CPU
		{05FA4D03-309B-4705-A584-92CAFD34B999}.Debug|Any CPU.Build.0 = Debug|Any CPU
		{05FA4D03-309B-4705-A584-92CAFD34B999}.Release|Any CPU.ActiveCfg = Release|Any CPU
		{05FA4D03-309B-4705-A584-92CAFD34B999}.Release|Any CPU.Build.0 = Release|Any CPU
		{DFE6F287-1592-4BC8-A639-216F7E5AE5D6}.Debug|Any CPU.ActiveCfg = Debug|Any CPU
		{DFE6F287-1592-4BC8-A639-216F7E5AE5D6}.Debug|Any CPU.Build.0 = Debug|Any CPU
		{DFE6F287-1592-4BC8-A639-216F7E5AE5D6}.Release|Any CPU.ActiveCfg = Release|Any CPU
		{DFE6F287-1592-4BC8-A639-216F7E5AE5D6}.Release|Any CPU.Build.0 = Release|Any CPU
	EndGlobalSection
	GlobalSection(SolutionProperties) = preSolution
		HideSolutionNode = FALSE
	EndGlobalSection
	GlobalSection(ExtensibilityGlobals) = postSolution
		SolutionGuid = {E6871B27-CFB7-4659-855A-18312F801956}
	EndGlobalSection
EndGlobal
