
Microsoft Visual Studio Solution File, Format Version 12.00
# Visual Studio Version 17
VisualStudioVersion = 17.6.33829.357
MinimumVisualStudioVersion = 10.0.40219.1
Project("{FAE04EC0-301F-11D3-BF4B-00C04F79EFBC}") = "Skeleton", "Skeleton\Skeleton.csproj", "{6A908869-BC2F-446C-A5A9-9F7109EE3153}"
EndProject
Project("{FAE04EC0-301F-11D3-BF4B-00C04F79EFBC}") = "Skeleton.Abstraction", "Skeleton.Abstraction\Skeleton.Abstraction.csproj", "{9F3CFBCE-6036-4A97-AAA9-4D26B988CFF9}"
EndProject
Project("{FAE04EC0-301F-11D3-BF4B-00C04F79EFBC}") = "Skeleton.Logger", "Skeleton.Logger\Skeleton.Logger.csproj", "{50076560-4150-4F3E-876B-AB6A1BF4096D}"
EndProject
Project("{FAE04EC0-301F-11D3-BF4B-00C04F79EFBC}") = "Skeleton.Entities", "Skeleton.Entities\Skeleton.Entities.csproj", "{0BB8115F-2940-4220-B3EE-AB5E10F1463B}"
EndProject
Global
	GlobalSection(SolutionConfigurationPlatforms) = preSolution
		Debug|Any CPU = Debug|Any CPU
		Release|Any CPU = Release|Any CPU
	EndGlobalSection
	GlobalSection(ProjectConfigurationPlatforms) = postSolution
		{6A908869-BC2F-446C-A5A9-9F7109EE3153}.Debug|Any CPU.ActiveCfg = Debug|Any CPU
		{6A908869-BC2F-446C-A5A9-9F7109EE3153}.Debug|Any CPU.Build.0 = Debug|Any CPU
		{6A908869-BC2F-446C-A5A9-9F7109EE3153}.Release|Any CPU.ActiveCfg = Release|Any CPU
		{6A908869-BC2F-446C-A5A9-9F7109EE3153}.Release|Any CPU.Build.0 = Release|Any CPU
		{9F3CFBCE-6036-4A97-AAA9-4D26B988CFF9}.Debug|Any CPU.ActiveCfg = Debug|Any CPU
		{9F3CFBCE-6036-4A97-AAA9-4D26B988CFF9}.Debug|Any CPU.Build.0 = Debug|Any CPU
		{9F3CFBCE-6036-4A97-AAA9-4D26B988CFF9}.Release|Any CPU.ActiveCfg = Release|Any CPU
		{9F3CFBCE-6036-4A97-AAA9-4D26B988CFF9}.Release|Any CPU.Build.0 = Release|Any CPU
		{50076560-4150-4F3E-876B-AB6A1BF4096D}.Debug|Any CPU.ActiveCfg = Debug|Any CPU
		{50076560-4150-4F3E-876B-AB6A1BF4096D}.Debug|Any CPU.Build.0 = Debug|Any CPU
		{50076560-4150-4F3E-876B-AB6A1BF4096D}.Release|Any CPU.ActiveCfg = Release|Any CPU
		{50076560-4150-4F3E-876B-AB6A1BF4096D}.Release|Any CPU.Build.0 = Release|Any CPU
		{0BB8115F-2940-4220-B3EE-AB5E10F1463B}.Debug|Any CPU.ActiveCfg = Debug|Any CPU
		{0BB8115F-2940-4220-B3EE-AB5E10F1463B}.Debug|Any CPU.Build.0 = Debug|Any CPU
		{0BB8115F-2940-4220-B3EE-AB5E10F1463B}.Release|Any CPU.ActiveCfg = Release|Any CPU
		{0BB8115F-2940-4220-B3EE-AB5E10F1463B}.Release|Any CPU.Build.0 = Release|Any CPU
	EndGlobalSection
	GlobalSection(SolutionProperties) = preSolution
		HideSolutionNode = FALSE
	EndGlobalSection
	GlobalSection(ExtensibilityGlobals) = postSolution
		SolutionGuid = {E6871B27-CFB7-4659-855A-18312F801956}
	EndGlobalSection
EndGlobal
